// !$*UTF8*$!
{
	archiveVersion = 1;
	classes = {
	};
	objectVersion = 55;
	objects = {

/* Begin PBXBuildFile section */
		F83E269628ACD6B2002DAD0B /* GoogleService-Info.plist in Resources */ = {isa = PBXBuildFile; fileRef = F83E269528ACD6B2002DAD0B /* GoogleService-Info.plist */; };
		F83E269928ACD7A1002DAD0B /* FirebaseFirestore in Frameworks */ = {isa = PBXBuildFile; productRef = F83E269828ACD7A1002DAD0B /* FirebaseFirestore */; };
		F83E269B28ACD7A1002DAD0B /* FirebaseFirestoreSwift in Frameworks */ = {isa = PBXBuildFile; productRef = F83E269A28ACD7A1002DAD0B /* FirebaseFirestoreSwift */; };
		F8A7C04828AC14AE001D4E6A /* TicTacToeApp.swift in Sources */ = {isa = PBXBuildFile; fileRef = F8A7C04728AC14AE001D4E6A /* TicTacToeApp.swift */; };
		F8A7C04A28AC14AE001D4E6A /* HomeView.swift in Sources */ = {isa = PBXBuildFile; fileRef = F8A7C04928AC14AE001D4E6A /* HomeView.swift */; };
		F8A7C04C28AC14AF001D4E6A /* Assets.xcassets in Resources */ = {isa = PBXBuildFile; fileRef = F8A7C04B28AC14AF001D4E6A /* Assets.xcassets */; };
		F8A7C04F28AC14AF001D4E6A /* Preview Assets.xcassets in Resources */ = {isa = PBXBuildFile; fileRef = F8A7C04E28AC14AF001D4E6A /* Preview Assets.xcassets */; };
		F8A7C05628AC1691001D4E6A /* GameView.swift in Sources */ = {isa = PBXBuildFile; fileRef = F8A7C05528AC1691001D4E6A /* GameView.swift */; };
		F8A7C05828AC17AE001D4E6A /* GameButton.swift in Sources */ = {isa = PBXBuildFile; fileRef = F8A7C05728AC17AE001D4E6A /* GameButton.swift */; };
		F8A7C05A28AC18E9001D4E6A /* HomeViewModel.swift in Sources */ = {isa = PBXBuildFile; fileRef = F8A7C05928AC18E9001D4E6A /* HomeViewModel.swift */; };
		F8A7C06028AC1F0A001D4E6A /* GameSquareView.swift in Sources */ = {isa = PBXBuildFile; fileRef = F8A7C05F28AC1F0A001D4E6A /* GameSquareView.swift */; };
		F8A7C06228AC1FC8001D4E6A /* PlayerIndicatorView.swift in Sources */ = {isa = PBXBuildFile; fileRef = F8A7C06128AC1FC8001D4E6A /* PlayerIndicatorView.swift */; };
		F8A7C06428AC2258001D4E6A /* LoadingView.swift in Sources */ = {isa = PBXBuildFile; fileRef = F8A7C06328AC2258001D4E6A /* LoadingView.swift */; };
		F8A7C06628AC2390001D4E6A /* GameViewModel.swift in Sources */ = {isa = PBXBuildFile; fileRef = F8A7C06528AC2390001D4E6A /* GameViewModel.swift */; };
		F8A7C06828AC2742001D4E6A /* Model.swift in Sources */ = {isa = PBXBuildFile; fileRef = F8A7C06728AC2742001D4E6A /* Model.swift */; };
		F8A7C06B28AC3EC2001D4E6A /* User.swift in Sources */ = {isa = PBXBuildFile; fileRef = F8A7C06A28AC3EC2001D4E6A /* User.swift */; };
		F8A7C07A28AC4B35001D4E6A /* FirebaseReference.swift in Sources */ = {isa = PBXBuildFile; fileRef = F8A7C07928AC4B35001D4E6A /* FirebaseReference.swift */; };
		F8A7C07D28AC4CE2001D4E6A /* FirebaseService.swift in Sources */ = {isa = PBXBuildFile; fileRef = F8A7C07C28AC4CE2001D4E6A /* FirebaseService.swift */; };
		F8C9880228AEB70300B026DC /* AlertItem.swift in Sources */ = {isa = PBXBuildFile; fileRef = F8C9880128AEB70300B026DC /* AlertItem.swift */; };
/* End PBXBuildFile section */

/* Begin PBXFileReference section */
		F83E269528ACD6B2002DAD0B /* GoogleService-Info.plist */ = {isa = PBXFileReference; fileEncoding = 4; lastKnownFileType = text.plist.xml; path = "GoogleService-Info.plist"; sourceTree = "<group>"; };
		F8A7C04428AC14AE001D4E6A /* TicTacToe.app */ = {isa = PBXFileReference; explicitFileType = wrapper.application; includeInIndex = 0; path = TicTacToe.app; sourceTree = BUILT_PRODUCTS_DIR; };
		F8A7C04728AC14AE001D4E6A /* TicTacToeApp.swift */ = {isa = PBXFileReference; lastKnownFileType = sourcecode.swift; path = TicTacToeApp.swift; sourceTree = "<group>"; };
		F8A7C04928AC14AE001D4E6A /* HomeView.swift */ = {isa = PBXFileReference; lastKnownFileType = sourcecode.swift; path = HomeView.swift; sourceTree = "<group>"; };
		F8A7C04B28AC14AF001D4E6A /* Assets.xcassets */ = {isa = PBXFileReference; lastKnownFileType = folder.assetcatalog; path = Assets.xcassets; sourceTree = "<group>"; };
		F8A7C04E28AC14AF001D4E6A /* Preview Assets.xcassets */ = {isa = PBXFileReference; lastKnownFileType = folder.assetcatalog; path = "Preview Assets.xcassets"; sourceTree = "<group>"; };
		F8A7C05528AC1691001D4E6A /* GameView.swift */ = {isa = PBXFileReference; lastKnownFileType = sourcecode.swift; path = GameView.swift; sourceTree = "<group>"; };
		F8A7C05728AC17AE001D4E6A /* GameButton.swift */ = {isa = PBXFileReference; lastKnownFileType = sourcecode.swift; path = GameButton.swift; sourceTree = "<group>"; };
		F8A7C05928AC18E9001D4E6A /* HomeViewModel.swift */ = {isa = PBXFileReference; lastKnownFileType = sourcecode.swift; path = HomeViewModel.swift; sourceTree = "<group>"; };
		F8A7C05F28AC1F0A001D4E6A /* GameSquareView.swift */ = {isa = PBXFileReference; lastKnownFileType = sourcecode.swift; path = GameSquareView.swift; sourceTree = "<group>"; };
		F8A7C06128AC1FC8001D4E6A /* PlayerIndicatorView.swift */ = {isa = PBXFileReference; lastKnownFileType = sourcecode.swift; path = PlayerIndicatorView.swift; sourceTree = "<group>"; };
		F8A7C06328AC2258001D4E6A /* LoadingView.swift */ = {isa = PBXFileReference; lastKnownFileType = sourcecode.swift; path = LoadingView.swift; sourceTree = "<group>"; };
		F8A7C06528AC2390001D4E6A /* GameViewModel.swift */ = {isa = PBXFileReference; lastKnownFileType = sourcecode.swift; path = GameViewModel.swift; sourceTree = "<group>"; };
		F8A7C06728AC2742001D4E6A /* Model.swift */ = {isa = PBXFileReference; lastKnownFileType = sourcecode.swift; path = Model.swift; sourceTree = "<group>"; };
		F8A7C06A28AC3EC2001D4E6A /* User.swift */ = {isa = PBXFileReference; lastKnownFileType = sourcecode.swift; path = User.swift; sourceTree = "<group>"; };
		F8A7C07928AC4B35001D4E6A /* FirebaseReference.swift */ = {isa = PBXFileReference; lastKnownFileType = sourcecode.swift; path = FirebaseReference.swift; sourceTree = "<group>"; };
		F8A7C07C28AC4CE2001D4E6A /* FirebaseService.swift */ = {isa = PBXFileReference; lastKnownFileType = sourcecode.swift; path = FirebaseService.swift; sourceTree = "<group>"; };
		F8C9880128AEB70300B026DC /* AlertItem.swift */ = {isa = PBXFileReference; lastKnownFileType = sourcecode.swift; path = AlertItem.swift; sourceTree = "<group>"; };
/* End PBXFileReference section */

/* Begin PBXFrameworksBuildPhase section */
		F8A7C04128AC14AE001D4E6A /* Frameworks */ = {
			isa = PBXFrameworksBuildPhase;
			buildActionMask = 2147483647;
			files = (
				F83E269928ACD7A1002DAD0B /* FirebaseFirestore in Frameworks */,
				F83E269B28ACD7A1002DAD0B /* FirebaseFirestoreSwift in Frameworks */,
			);
			runOnlyForDeploymentPostprocessing = 0;
		};
/* End PBXFrameworksBuildPhase section */

/* Begin PBXGroup section */
		F8A7C03B28AC14AE001D4E6A = {
			isa = PBXGroup;
			children = (
				F83E269528ACD6B2002DAD0B /* GoogleService-Info.plist */,
				F8A7C04628AC14AE001D4E6A /* TicTacToe */,
				F8A7C04528AC14AE001D4E6A /* Products */,
			);
			sourceTree = "<group>";
		};
		F8A7C04528AC14AE001D4E6A /* Products */ = {
			isa = PBXGroup;
			children = (
				F8A7C04428AC14AE001D4E6A /* TicTacToe.app */,
			);
			name = Products;
			sourceTree = "<group>";
		};
		F8A7C04628AC14AE001D4E6A /* TicTacToe */ = {
			isa = PBXGroup;
			children = (
				F8A7C04728AC14AE001D4E6A /* TicTacToeApp.swift */,
				F8A7C07B28AC4B46001D4E6A /* FirebaseHelpers */,
				F8A7C06928AC2759001D4E6A /* Model */,
				F8A7C05D28AC1A8E001D4E6A /* Views */,
				F8A7C05E28AC1AA9001D4E6A /* SecondaryViews */,
				F8A7C04B28AC14AF001D4E6A /* Assets.xcassets */,
				F8A7C04D28AC14AF001D4E6A /* Preview Content */,
			);
			path = TicTacToe;
			sourceTree = "<group>";
		};
		F8A7C04D28AC14AF001D4E6A /* Preview Content */ = {
			isa = PBXGroup;
			children = (
				F8A7C04E28AC14AF001D4E6A /* Preview Assets.xcassets */,
			);
			path = "Preview Content";
			sourceTree = "<group>";
		};
		F8A7C05B28AC1A4D001D4E6A /* HomeView */ = {
			isa = PBXGroup;
			children = (
				F8A7C04928AC14AE001D4E6A /* HomeView.swift */,
				F8A7C05928AC18E9001D4E6A /* HomeViewModel.swift */,
			);
			path = HomeView;
			sourceTree = "<group>";
		};
		F8A7C05C28AC1A64001D4E6A /* GameView */ = {
			isa = PBXGroup;
			children = (
				F8A7C05528AC1691001D4E6A /* GameView.swift */,
				F8A7C06528AC2390001D4E6A /* GameViewModel.swift */,
			);
			path = GameView;
			sourceTree = "<group>";
		};
		F8A7C05D28AC1A8E001D4E6A /* Views */ = {
			isa = PBXGroup;
			children = (
				F8A7C05B28AC1A4D001D4E6A /* HomeView */,
				F8A7C05C28AC1A64001D4E6A /* GameView */,
			);
			path = Views;
			sourceTree = "<group>";
		};
		F8A7C05E28AC1AA9001D4E6A /* SecondaryViews */ = {
			isa = PBXGroup;
			children = (
				F8A7C05728AC17AE001D4E6A /* GameButton.swift */,
				F8A7C05F28AC1F0A001D4E6A /* GameSquareView.swift */,
				F8A7C06128AC1FC8001D4E6A /* PlayerIndicatorView.swift */,
				F8A7C06328AC2258001D4E6A /* LoadingView.swift */,
			);
			path = SecondaryViews;
			sourceTree = "<group>";
		};
		F8A7C06928AC2759001D4E6A /* Model */ = {
			isa = PBXGroup;
			children = (
				F8A7C06728AC2742001D4E6A /* Model.swift */,
				F8A7C06A28AC3EC2001D4E6A /* User.swift */,
				F8C9880128AEB70300B026DC /* AlertItem.swift */,
			);
			path = Model;
			sourceTree = "<group>";
		};
		F8A7C07B28AC4B46001D4E6A /* FirebaseHelpers */ = {
			isa = PBXGroup;
			children = (
				F8A7C07928AC4B35001D4E6A /* FirebaseReference.swift */,
				F8A7C07C28AC4CE2001D4E6A /* FirebaseService.swift */,
			);
			name = FirebaseHelpers;
			path = ..;
			sourceTree = "<group>";
		};
/* End PBXGroup section */

/* Begin PBXNativeTarget section */
		F8A7C04328AC14AE001D4E6A /* TicTacToe */ = {
			isa = PBXNativeTarget;
			buildConfigurationList = F8A7C05228AC14AF001D4E6A /* Build configuration list for PBXNativeTarget "TicTacToe" */;
			buildPhases = (
				F8A7C04028AC14AE001D4E6A /* Sources */,
				F8A7C04128AC14AE001D4E6A /* Frameworks */,
				F8A7C04228AC14AE001D4E6A /* Resources */,
			);
			buildRules = (
			);
			dependencies = (
			);
			name = TicTacToe;
			packageProductDependencies = (
				F83E269828ACD7A1002DAD0B /* FirebaseFirestore */,
				F83E269A28ACD7A1002DAD0B /* FirebaseFirestoreSwift */,
			);
			productName = TicTacToe;
			productReference = F8A7C04428AC14AE001D4E6A /* TicTacToe.app */;
			productType = "com.apple.product-type.application";
		};
/* End PBXNativeTarget section */

/* Begin PBXProject section */
		F8A7C03C28AC14AE001D4E6A /* Project object */ = {
			isa = PBXProject;
			attributes = {
				BuildIndependentTargetsInParallel = 1;
				LastSwiftUpdateCheck = 1340;
				LastUpgradeCheck = 1340;
				TargetAttributes = {
					F8A7C04328AC14AE001D4E6A = {
						CreatedOnToolsVersion = 13.4.1;
					};
				};
			};
			buildConfigurationList = F8A7C03F28AC14AE001D4E6A /* Build configuration list for PBXProject "TicTacToe" */;
			compatibilityVersion = "Xcode 13.0";
			developmentRegion = en;
			hasScannedForEncodings = 0;
			knownRegions = (
				en,
				Base,
			);
			mainGroup = F8A7C03B28AC14AE001D4E6A;
			packageReferences = (
				F83E269728ACD7A1002DAD0B /* XCRemoteSwiftPackageReference "firebase-ios-sdk" */,
			);
			productRefGroup = F8A7C04528AC14AE001D4E6A /* Products */;
			projectDirPath = "";
			projectRoot = "";
			targets = (
				F8A7C04328AC14AE001D4E6A /* TicTacToe */,
			);
		};
/* End PBXProject section */

/* Begin PBXResourcesBuildPhase section */
		F8A7C04228AC14AE001D4E6A /* Resources */ = {
			isa = PBXResourcesBuildPhase;
			buildActionMask = 2147483647;
			files = (
				F8A7C04F28AC14AF001D4E6A /* Preview Assets.xcassets in Resources */,
				F8A7C04C28AC14AF001D4E6A /* Assets.xcassets in Resources */,
				F83E269628ACD6B2002DAD0B /* GoogleService-Info.plist in Resources */,
			);
			runOnlyForDeploymentPostprocessing = 0;
		};
/* End PBXResourcesBuildPhase section */

/* Begin PBXSourcesBuildPhase section */
		F8A7C04028AC14AE001D4E6A /* Sources */ = {
			isa = PBXSourcesBuildPhase;
			buildActionMask = 2147483647;
			files = (
				F8A7C06628AC2390001D4E6A /* GameViewModel.swift in Sources */,
				F8A7C04A28AC14AE001D4E6A /* HomeView.swift in Sources */,
				F8A7C06228AC1FC8001D4E6A /* PlayerIndicatorView.swift in Sources */,
				F8A7C05828AC17AE001D4E6A /* GameButton.swift in Sources */,
				F8A7C05628AC1691001D4E6A /* GameView.swift in Sources */,
				F8A7C06828AC2742001D4E6A /* Model.swift in Sources */,
				F8A7C06028AC1F0A001D4E6A /* GameSquareView.swift in Sources */,
				F8C9880228AEB70300B026DC /* AlertItem.swift in Sources */,
				F8A7C07D28AC4CE2001D4E6A /* FirebaseService.swift in Sources */,
				F8A7C06428AC2258001D4E6A /* LoadingView.swift in Sources */,
				F8A7C05A28AC18E9001D4E6A /* HomeViewModel.swift in Sources */,
				F8A7C04828AC14AE001D4E6A /* TicTacToeApp.swift in Sources */,
				F8A7C07A28AC4B35001D4E6A /* FirebaseReference.swift in Sources */,
				F8A7C06B28AC3EC2001D4E6A /* User.swift in Sources */,
			);
			runOnlyForDeploymentPostprocessing = 0;
		};
/* End PBXSourcesBuildPhase section */

/* Begin XCBuildConfiguration section */
		F8A7C05028AC14AF001D4E6A /* Debug */ = {
			isa = XCBuildConfiguration;
			buildSettings = {
				ALWAYS_SEARCH_USER_PATHS = NO;
				CLANG_ANALYZER_NONNULL = YES;
				CLANG_ANALYZER_NUMBER_OBJECT_CONVERSION = YES_AGGRESSIVE;
				CLANG_CXX_LANGUAGE_STANDARD = "gnu++17";
				CLANG_ENABLE_MODULES = YES;
				CLANG_ENABLE_OBJC_ARC = YES;
				CLANG_ENABLE_OBJC_WEAK = YES;
				CLANG_WARN_BLOCK_CAPTURE_AUTORELEASING = YES;
				CLANG_WARN_BOOL_CONVERSION = YES;
				CLANG_WARN_COMMA = YES;
				CLANG_WARN_CONSTANT_CONVERSION = YES;
				CLANG_WARN_DEPRECATED_OBJC_IMPLEMENTATIONS = YES;
				CLANG_WARN_DIRECT_OBJC_ISA_USAGE = YES_ERROR;
				CLANG_WARN_DOCUMENTATION_COMMENTS = YES;
				CLANG_WARN_EMPTY_BODY = YES;
				CLANG_WARN_ENUM_CONVERSION = YES;
				CLANG_WARN_INFINITE_RECURSION = YES;
				CLANG_WARN_INT_CONVERSION = YES;
				CLANG_WARN_NON_LITERAL_NULL_CONVERSION = YES;
				CLANG_WARN_OBJC_IMPLICIT_RETAIN_SELF = YES;
				CLANG_WARN_OBJC_LITERAL_CONVERSION = YES;
				CLANG_WARN_OBJC_ROOT_CLASS = YES_ERROR;
				CLANG_WARN_QUOTED_INCLUDE_IN_FRAMEWORK_HEADER = YES;
				CLANG_WARN_RANGE_LOOP_ANALYSIS = YES;
				CLANG_WARN_STRICT_PROTOTYPES = YES;
				CLANG_WARN_SUSPICIOUS_MOVE = YES;
				CLANG_WARN_UNGUARDED_AVAILABILITY = YES_AGGRESSIVE;
				CLANG_WARN_UNREACHABLE_CODE = YES;
				CLANG_WARN__DUPLICATE_METHOD_MATCH = YES;
				COPY_PHASE_STRIP = NO;
				DEBUG_INFORMATION_FORMAT = dwarf;
				ENABLE_STRICT_OBJC_MSGSEND = YES;
				ENABLE_TESTABILITY = YES;
				GCC_C_LANGUAGE_STANDARD = gnu11;
				GCC_DYNAMIC_NO_PIC = NO;
				GCC_NO_COMMON_BLOCKS = YES;
				GCC_OPTIMIZATION_LEVEL = 0;
				GCC_PREPROCESSOR_DEFINITIONS = (
					"DEBUG=1",
					"$(inherited)",
				);
				GCC_WARN_64_TO_32_BIT_CONVERSION = YES;
				GCC_WARN_ABOUT_RETURN_TYPE = YES_ERROR;
				GCC_WARN_UNDECLARED_SELECTOR = YES;
				GCC_WARN_UNINITIALIZED_AUTOS = YES_AGGRESSIVE;
				GCC_WARN_UNUSED_FUNCTION = YES;
				GCC_WARN_UNUSED_VARIABLE = YES;
				IPHONEOS_DEPLOYMENT_TARGET = 15.5;
				MTL_ENABLE_DEBUG_INFO = INCLUDE_SOURCE;
				MTL_FAST_MATH = YES;
				ONLY_ACTIVE_ARCH = YES;
				SDKROOT = iphoneos;
				SWIFT_ACTIVE_COMPILATION_CONDITIONS = DEBUG;
				SWIFT_OPTIMIZATION_LEVEL = "-Onone";
			};
			name = Debug;
		};
		F8A7C05128AC14AF001D4E6A /* Release */ = {
			isa = XCBuildConfiguration;
			buildSettings = {
				ALWAYS_SEARCH_USER_PATHS = NO;
				CLANG_ANALYZER_NONNULL = YES;
				CLANG_ANALYZER_NUMBER_OBJECT_CONVERSION = YES_AGGRESSIVE;
				CLANG_CXX_LANGUAGE_STANDARD = "gnu++17";
				CLANG_ENABLE_MODULES = YES;
				CLANG_ENABLE_OBJC_ARC = YES;
				CLANG_ENABLE_OBJC_WEAK = YES;
				CLANG_WARN_BLOCK_CAPTURE_AUTORELEASING = YES;
				CLANG_WARN_BOOL_CONVERSION = YES;
				CLANG_WARN_COMMA = YES;
				CLANG_WARN_CONSTANT_CONVERSION = YES;
				CLANG_WARN_DEPRECATED_OBJC_IMPLEMENTATIONS = YES;
				CLANG_WARN_DIRECT_OBJC_ISA_USAGE = YES_ERROR;
				CLANG_WARN_DOCUMENTATION_COMMENTS = YES;
				CLANG_WARN_EMPTY_BODY = YES;
				CLANG_WARN_ENUM_CONVERSION = YES;
				CLANG_WARN_INFINITE_RECURSION = YES;
				CLANG_WARN_INT_CONVERSION = YES;
				CLANG_WARN_NON_LITERAL_NULL_CONVERSION = YES;
				CLANG_WARN_OBJC_IMPLICIT_RETAIN_SELF = YES;
				CLANG_WARN_OBJC_LITERAL_CONVERSION = YES;
				CLANG_WARN_OBJC_ROOT_CLASS = YES_ERROR;
				CLANG_WARN_QUOTED_INCLUDE_IN_FRAMEWORK_HEADER = YES;
				CLANG_WARN_RANGE_LOOP_ANALYSIS = YES;
				CLANG_WARN_STRICT_PROTOTYPES = YES;
				CLANG_WARN_SUSPICIOUS_MOVE = YES;
				CLANG_WARN_UNGUARDED_AVAILABILITY = YES_AGGRESSIVE;
				CLANG_WARN_UNREACHABLE_CODE = YES;
				CLANG_WARN__DUPLICATE_METHOD_MATCH = YES;
				COPY_PHASE_STRIP = NO;
				DEBUG_INFORMATION_FORMAT = "dwarf-with-dsym";
				ENABLE_NS_ASSERTIONS = NO;
				ENABLE_STRICT_OBJC_MSGSEND = YES;
				GCC_C_LANGUAGE_STANDARD = gnu11;
				GCC_NO_COMMON_BLOCKS = YES;
				GCC_WARN_64_TO_32_BIT_CONVERSION = YES;
				GCC_WARN_ABOUT_RETURN_TYPE = YES_ERROR;
				GCC_WARN_UNDECLARED_SELECTOR = YES;
				GCC_WARN_UNINITIALIZED_AUTOS = YES_AGGRESSIVE;
				GCC_WARN_UNUSED_FUNCTION = YES;
				GCC_WARN_UNUSED_VARIABLE = YES;
				IPHONEOS_DEPLOYMENT_TARGET = 15.5;
				MTL_ENABLE_DEBUG_INFO = NO;
				MTL_FAST_MATH = YES;
				SDKROOT = iphoneos;
				SWIFT_COMPILATION_MODE = wholemodule;
				SWIFT_OPTIMIZATION_LEVEL = "-O";
				VALIDATE_PRODUCT = YES;
			};
			name = Release;
		};
		F8A7C05328AC14AF001D4E6A /* Debug */ = {
			isa = XCBuildConfiguration;
			buildSettings = {
				ASSETCATALOG_COMPILER_APPICON_NAME = AppIcon;
				ASSETCATALOG_COMPILER_GLOBAL_ACCENT_COLOR_NAME = AccentColor;
				CODE_SIGN_STYLE = Automatic;
				CURRENT_PROJECT_VERSION = 1;
				DEVELOPMENT_ASSET_PATHS = "\"TicTacToe/Preview Content\"";
				DEVELOPMENT_TEAM = K2KQ47JU7Y;
				ENABLE_PREVIEWS = YES;
				GENERATE_INFOPLIST_FILE = YES;
				INFOPLIST_KEY_UIApplicationSceneManifest_Generation = YES;
				INFOPLIST_KEY_UIApplicationSupportsIndirectInputEvents = YES;
				INFOPLIST_KEY_UILaunchScreen_Generation = YES;
				INFOPLIST_KEY_UISupportedInterfaceOrientations_iPad = "UIInterfaceOrientationPortrait UIInterfaceOrientationPortraitUpsideDown UIInterfaceOrientationLandscapeLeft UIInterfaceOrientationLandscapeRight";
				INFOPLIST_KEY_UISupportedInterfaceOrientations_iPhone = "UIInterfaceOrientationPortrait UIInterfaceOrientationLandscapeLeft UIInterfaceOrientationLandscapeRight";
				LD_RUNPATH_SEARCH_PATHS = (
					"$(inherited)",
					"@executable_path/Frameworks",
				);
				MARKETING_VERSION = 1.0;
				PRODUCT_BUNDLE_IDENTIFIER = com.gmail.kyles112.TicTacToe;
				PRODUCT_NAME = "$(TARGET_NAME)";
				SWIFT_EMIT_LOC_STRINGS = YES;
				SWIFT_VERSION = 5.0;
				TARGETED_DEVICE_FAMILY = "1,2";
			};
			name = Debug;
		};
		F8A7C05428AC14AF001D4E6A /* Release */ = {
			isa = XCBuildConfiguration;
			buildSettings = {
				ASSETCATALOG_COMPILER_APPICON_NAME = AppIcon;
				ASSETCATALOG_COMPILER_GLOBAL_ACCENT_COLOR_NAME = AccentColor;
				CODE_SIGN_STYLE = Automatic;
				CURRENT_PROJECT_VERSION = 1;
				DEVELOPMENT_ASSET_PATHS = "\"TicTacToe/Preview Content\"";
				DEVELOPMENT_TEAM = K2KQ47JU7Y;
				ENABLE_PREVIEWS = YES;
				GENERATE_INFOPLIST_FILE = YES;
				INFOPLIST_KEY_UIApplicationSceneManifest_Generation = YES;
				INFOPLIST_KEY_UIApplicationSupportsIndirectInputEvents = YES;
				INFOPLIST_KEY_UILaunchScreen_Generation = YES;
				INFOPLIST_KEY_UISupportedInterfaceOrientations_iPad = "UIInterfaceOrientationPortrait UIInterfaceOrientationPortraitUpsideDown UIInterfaceOrientationLandscapeLeft UIInterfaceOrientationLandscapeRight";
				INFOPLIST_KEY_UISupportedInterfaceOrientations_iPhone = "UIInterfaceOrientationPortrait UIInterfaceOrientationLandscapeLeft UIInterfaceOrientationLandscapeRight";
				LD_RUNPATH_SEARCH_PATHS = (
					"$(inherited)",
					"@executable_path/Frameworks",
				);
				MARKETING_VERSION = 1.0;
				PRODUCT_BUNDLE_IDENTIFIER = com.gmail.kyles112.TicTacToe;
				PRODUCT_NAME = "$(TARGET_NAME)";
				SWIFT_EMIT_LOC_STRINGS = YES;
				SWIFT_VERSION = 5.0;
				TARGETED_DEVICE_FAMILY = "1,2";
			};
			name = Release;
		};
/* End XCBuildConfiguration section */

/* Begin XCConfigurationList section */
		F8A7C03F28AC14AE001D4E6A /* Build configuration list for PBXProject "TicTacToe" */ = {
			isa = XCConfigurationList;
			buildConfigurations = (
				F8A7C05028AC14AF001D4E6A /* Debug */,
				F8A7C05128AC14AF001D4E6A /* Release */,
			);
			defaultConfigurationIsVisible = 0;
			defaultConfigurationName = Release;
		};
		F8A7C05228AC14AF001D4E6A /* Build configuration list for PBXNativeTarget "TicTacToe" */ = {
			isa = XCConfigurationList;
			buildConfigurations = (
				F8A7C05328AC14AF001D4E6A /* Debug */,
				F8A7C05428AC14AF001D4E6A /* Release */,
			);
			defaultConfigurationIsVisible = 0;
			defaultConfigurationName = Release;
		};
/* End XCConfigurationList section */

/* Begin XCRemoteSwiftPackageReference section */
		F83E269728ACD7A1002DAD0B /* XCRemoteSwiftPackageReference "firebase-ios-sdk" */ = {
			isa = XCRemoteSwiftPackageReference;
			repositoryURL = "https://github.com/firebase/firebase-ios-sdk";
			requirement = {
				kind = upToNextMajorVersion;
				minimumVersion = 9.0.0;
			};
		};
/* End XCRemoteSwiftPackageReference section */

/* Begin XCSwiftPackageProductDependency section */
		F83E269828ACD7A1002DAD0B /* FirebaseFirestore */ = {
			isa = XCSwiftPackageProductDependency;
			package = F83E269728ACD7A1002DAD0B /* XCRemoteSwiftPackageReference "firebase-ios-sdk" */;
			productName = FirebaseFirestore;
		};
		F83E269A28ACD7A1002DAD0B /* FirebaseFirestoreSwift */ = {
			isa = XCSwiftPackageProductDependency;
			package = F83E269728ACD7A1002DAD0B /* XCRemoteSwiftPackageReference "firebase-ios-sdk" */;
			productName = FirebaseFirestoreSwift;
		};
/* End XCSwiftPackageProductDependency section */
	};
	rootObject = F8A7C03C28AC14AE001D4E6A /* Project object */;
}
